
Microsoft Visual Studio Solution File, Format Version 12.00
# Visual Studio Version 17
VisualStudioVersion = 17.9.34701.34
MinimumVisualStudioVersion = 10.0.40219.1
Project("{FAE04EC0-301F-11D3-BF4B-00C04F79EFBC}") = "WebApplication1", "WebApplication1\WebApplication1.csproj", "{45D3896F-0239-4708-B21F-C338ABB67514}"
EndProject
Project("{FAE04EC0-301F-11D3-BF4B-00C04F79EFBC}") = "REST.Domain", "REST.Domain\REST.Domain.csproj", "{3A90ACBF-2CAC-49F8-A363-D1F8BCEE1A4D}"
EndProject
Project("{FAE04EC0-301F-11D3-BF4B-00C04F79EFBC}") = "REST.Service", "REST.Service\REST.Service.csproj", "{89D4FCED-B581-4047-9007-D34FE7E7B229}"
EndProject
Global
	GlobalSection(SolutionConfigurationPlatforms) = preSolution
		Debug|Any CPU = Debug|Any CPU
		Release|Any CPU = Release|Any CPU
	EndGlobalSection
	GlobalSection(ProjectConfigurationPlatforms) = postSolution
		{45D3896F-0239-4708-B21F-C338ABB67514}.Debug|Any CPU.ActiveCfg = Debug|Any CPU
		{45D3896F-0239-4708-B21F-C338ABB67514}.Debug|Any CPU.Build.0 = Debug|Any CPU
		{45D3896F-0239-4708-B21F-C338ABB67514}.Release|Any CPU.ActiveCfg = Release|Any CPU
		{45D3896F-0239-4708-B21F-C338ABB67514}.Release|Any CPU.Build.0 = Release|Any CPU
		{3A90ACBF-2CAC-49F8-A363-D1F8BCEE1A4D}.Debug|Any CPU.ActiveCfg = Debug|Any CPU
		{3A90ACBF-2CAC-49F8-A363-D1F8BCEE1A4D}.Debug|Any CPU.Build.0 = Debug|Any CPU
		{3A90ACBF-2CAC-49F8-A363-D1F8BCEE1A4D}.Release|Any CPU.ActiveCfg = Release|Any CPU
		{3A90ACBF-2CAC-49F8-A363-D1F8BCEE1A4D}.Release|Any CPU.Build.0 = Release|Any CPU
		{89D4FCED-B581-4047-9007-D34FE7E7B229}.Debug|Any CPU.ActiveCfg = Debug|Any CPU
		{89D4FCED-B581-4047-9007-D34FE7E7B229}.Debug|Any CPU.Build.0 = Debug|Any CPU
		{89D4FCED-B581-4047-9007-D34FE7E7B229}.Release|Any CPU.ActiveCfg = Release|Any CPU
		{89D4FCED-B581-4047-9007-D34FE7E7B229}.Release|Any CPU.Build.0 = Release|Any CPU
	EndGlobalSection
	GlobalSection(SolutionProperties) = preSolution
		HideSolutionNode = FALSE
	EndGlobalSection
	GlobalSection(ExtensibilityGlobals) = postSolution
		SolutionGuid = {240D2E80-DB3C-4604-A9EA-2B21381B9563}
	EndGlobalSection
EndGlobal
